
Microsoft Visual Studio Solution File, Format Version 12.00
# Visual Studio Version 16
VisualStudioVersion = 16.0.31605.320
MinimumVisualStudioVersion = 10.0.40219.1
Project("{FAE04EC0-301F-11D3-BF4B-00C04F79EFBC}") = "Profile", "Profile\Profile.csproj", "{0456A7EA-7D1D-4FD9-8D97-3AC132C7C66F}"
EndProject
Global
	GlobalSection(SolutionConfigurationPlatforms) = preSolution
		Debug|Any CPU = Debug|Any CPU
		Release|Any CPU = Release|Any CPU
	EndGlobalSection
	GlobalSection(ProjectConfigurationPlatforms) = postSolution
		{0456A7EA-7D1D-4FD9-8D97-3AC132C7C66F}.Debug|Any CPU.ActiveCfg = Debug|Any CPU
		{0456A7EA-7D1D-4FD9-8D97-3AC132C7C66F}.Debug|Any CPU.Build.0 = Debug|Any CPU
		{0456A7EA-7D1D-4FD9-8D97-3AC132C7C66F}.Release|Any CPU.ActiveCfg = Release|Any CPU
		{0456A7EA-7D1D-4FD9-8D97-3AC132C7C66F}.Release|Any CPU.Build.0 = Release|Any CPU
	EndGlobalSection
	GlobalSection(SolutionProperties) = preSolution
		HideSolutionNode = FALSE
	EndGlobalSection
	GlobalSection(ExtensibilityGlobals) = postSolution
		SolutionGuid = {A720F32A-178C-499C-A90D-2D16959F94D9}
	EndGlobalSection
EndGlobal
